
Microsoft Visual Studio Solution File, Format Version 12.00
# Visual Studio Version 16
VisualStudioVersion = 16.0.31410.357
MinimumVisualStudioVersion = 10.0.40219.1
Project("{9A19103F-16F7-4668-BE54-9A1E7A4F7556}") = "GenericsTestMaximum", "GenericsTestMaximum.csproj", "{69A8AFC8-10E6-48D1-945A-A864C27069F9}"
EndProject
Project("{FAE04EC0-301F-11D3-BF4B-00C04F79EFBC}") = "NUnitTest", "..\NUnitTest\NUnitTest.csproj", "{6EAAC71A-90F6-43C7-A5CA-BD45847454A8}"
EndProject
Global
	GlobalSection(SolutionConfigurationPlatforms) = preSolution
		Debug|Any CPU = Debug|Any CPU
		Release|Any CPU = Release|Any CPU
	EndGlobalSection
	GlobalSection(ProjectConfigurationPlatforms) = postSolution
		{69A8AFC8-10E6-48D1-945A-A864C27069F9}.Debug|Any CPU.ActiveCfg = Debug|Any CPU
		{69A8AFC8-10E6-48D1-945A-A864C27069F9}.Debug|Any CPU.Build.0 = Debug|Any CPU
		{69A8AFC8-10E6-48D1-945A-A864C27069F9}.Release|Any CPU.ActiveCfg = Release|Any CPU
		{69A8AFC8-10E6-48D1-945A-A864C27069F9}.Release|Any CPU.Build.0 = Release|Any CPU
		{6EAAC71A-90F6-43C7-A5CA-BD45847454A8}.Debug|Any CPU.ActiveCfg = Debug|Any CPU
		{6EAAC71A-90F6-43C7-A5CA-BD45847454A8}.Debug|Any CPU.Build.0 = Debug|Any CPU
		{6EAAC71A-90F6-43C7-A5CA-BD45847454A8}.Release|Any CPU.ActiveCfg = Release|Any CPU
		{6EAAC71A-90F6-43C7-A5CA-BD45847454A8}.Release|Any CPU.Build.0 = Release|Any CPU
	EndGlobalSection
	GlobalSection(SolutionProperties) = preSolution
		HideSolutionNode = FALSE
	EndGlobalSection
	GlobalSection(ExtensibilityGlobals) = postSolution
		SolutionGuid = {FD80D8EB-2320-4BA8-B471-949318161040}
	EndGlobalSection
EndGlobal
